
Microsoft Visual Studio Solution File, Format Version 12.00
# Visual Studio Version 17
VisualStudioVersion = 17.10.35122.118
MinimumVisualStudioVersion = 10.0.40219.1
Project("{9A19103F-16F7-4668-BE54-9A1E7A4F7556}") = "ShinyMultiSeed", "ShinyMultiSeed\ShinyMultiSeed.csproj", "{D21BCE19-27EC-4986-A4AE-102782A1B223}"
EndProject
Project("{9A19103F-16F7-4668-BE54-9A1E7A4F7556}") = "FormRx", "FormRx\FormRx.csproj", "{AE627042-0B92-41D7-92E1-6CC25CA1B94D}"
EndProject
Project("{9A19103F-16F7-4668-BE54-9A1E7A4F7556}") = "Gen4RNGLib", "Gen4RNGLib\Gen4RNGLib.csproj", "{A6E886BB-F3DC-4DBE-9DAF-9DAEDBB5000A}"
EndProject
Project("{9A19103F-16F7-4668-BE54-9A1E7A4F7556}") = "ShinyMultiSeed.Test", "ShinyMultiSeed.Test\ShinyMultiSeed.Test.csproj", "{AD377109-82BE-4AF2-B4D3-36F94E569D7B}"
EndProject
Project("{9A19103F-16F7-4668-BE54-9A1E7A4F7556}") = "PKHeXUtilLib", "PKHeXUtilLib\PKHeXUtilLib.csproj", "{FB348EA4-127E-4EF6-9D12-B37BD36B5B87}"
EndProject
Project("{9A19103F-16F7-4668-BE54-9A1E7A4F7556}") = "PKHeXUtilForms", "PKHeXUtilForms\PKHeXUtilForms.csproj", "{95681712-4D17-4B2E-919E-825D192E98B3}"
EndProject
Global
	GlobalSection(SolutionConfigurationPlatforms) = preSolution
		Debug|Any CPU = Debug|Any CPU
		Release|Any CPU = Release|Any CPU
	EndGlobalSection
	GlobalSection(ProjectConfigurationPlatforms) = postSolution
		{D21BCE19-27EC-4986-A4AE-102782A1B223}.Debug|Any CPU.ActiveCfg = Debug|Any CPU
		{D21BCE19-27EC-4986-A4AE-102782A1B223}.Debug|Any CPU.Build.0 = Debug|Any CPU
		{D21BCE19-27EC-4986-A4AE-102782A1B223}.Release|Any CPU.ActiveCfg = Release|Any CPU
		{D21BCE19-27EC-4986-A4AE-102782A1B223}.Release|Any CPU.Build.0 = Release|Any CPU
		{AE627042-0B92-41D7-92E1-6CC25CA1B94D}.Debug|Any CPU.ActiveCfg = Debug|Any CPU
		{AE627042-0B92-41D7-92E1-6CC25CA1B94D}.Debug|Any CPU.Build.0 = Debug|Any CPU
		{AE627042-0B92-41D7-92E1-6CC25CA1B94D}.Release|Any CPU.ActiveCfg = Release|Any CPU
		{AE627042-0B92-41D7-92E1-6CC25CA1B94D}.Release|Any CPU.Build.0 = Release|Any CPU
		{A6E886BB-F3DC-4DBE-9DAF-9DAEDBB5000A}.Debug|Any CPU.ActiveCfg = Debug|Any CPU
		{A6E886BB-F3DC-4DBE-9DAF-9DAEDBB5000A}.Debug|Any CPU.Build.0 = Debug|Any CPU
		{A6E886BB-F3DC-4DBE-9DAF-9DAEDBB5000A}.Release|Any CPU.ActiveCfg = Release|Any CPU
		{A6E886BB-F3DC-4DBE-9DAF-9DAEDBB5000A}.Release|Any CPU.Build.0 = Release|Any CPU
		{AD377109-82BE-4AF2-B4D3-36F94E569D7B}.Debug|Any CPU.ActiveCfg = Debug|Any CPU
		{AD377109-82BE-4AF2-B4D3-36F94E569D7B}.Debug|Any CPU.Build.0 = Debug|Any CPU
		{AD377109-82BE-4AF2-B4D3-36F94E569D7B}.Release|Any CPU.ActiveCfg = Release|Any CPU
		{AD377109-82BE-4AF2-B4D3-36F94E569D7B}.Release|Any CPU.Build.0 = Release|Any CPU
		{FB348EA4-127E-4EF6-9D12-B37BD36B5B87}.Debug|Any CPU.ActiveCfg = Debug|Any CPU
		{FB348EA4-127E-4EF6-9D12-B37BD36B5B87}.Debug|Any CPU.Build.0 = Debug|Any CPU
		{FB348EA4-127E-4EF6-9D12-B37BD36B5B87}.Release|Any CPU.ActiveCfg = Release|Any CPU
		{FB348EA4-127E-4EF6-9D12-B37BD36B5B87}.Release|Any CPU.Build.0 = Release|Any CPU
		{95681712-4D17-4B2E-919E-825D192E98B3}.Debug|Any CPU.ActiveCfg = Debug|Any CPU
		{95681712-4D17-4B2E-919E-825D192E98B3}.Debug|Any CPU.Build.0 = Debug|Any CPU
		{95681712-4D17-4B2E-919E-825D192E98B3}.Release|Any CPU.ActiveCfg = Release|Any CPU
		{95681712-4D17-4B2E-919E-825D192E98B3}.Release|Any CPU.Build.0 = Release|Any CPU
	EndGlobalSection
	GlobalSection(SolutionProperties) = preSolution
		HideSolutionNode = FALSE
	EndGlobalSection
	GlobalSection(ExtensibilityGlobals) = postSolution
		SolutionGuid = {C24E1067-FB4B-4774-A4EF-35489B668DD2}
	EndGlobalSection
EndGlobal
